
Microsoft Visual Studio Solution File, Format Version 12.00
# Visual Studio Version 16
VisualStudioVersion = 16.0.29215.179
MinimumVisualStudioVersion = 10.0.40219.1
Project("{FAE04EC0-301F-11D3-BF4B-00C04F79EFBC}") = "Practica8", "Practica8\Practica8.csproj", "{CFE68471-A861-4EB2-AE57-B82E4F9030CC}"
EndProject
Global
	GlobalSection(SolutionConfigurationPlatforms) = preSolution
		Debug|Any CPU = Debug|Any CPU
		Release|Any CPU = Release|Any CPU
	EndGlobalSection
	GlobalSection(ProjectConfigurationPlatforms) = postSolution
		{CFE68471-A861-4EB2-AE57-B82E4F9030CC}.Debug|Any CPU.ActiveCfg = Debug|Any CPU
		{CFE68471-A861-4EB2-AE57-B82E4F9030CC}.Debug|Any CPU.Build.0 = Debug|Any CPU
		{CFE68471-A861-4EB2-AE57-B82E4F9030CC}.Release|Any CPU.ActiveCfg = Release|Any CPU
		{CFE68471-A861-4EB2-AE57-B82E4F9030CC}.Release|Any CPU.Build.0 = Release|Any CPU
	EndGlobalSection
	GlobalSection(SolutionProperties) = preSolution
		HideSolutionNode = FALSE
	EndGlobalSection
	GlobalSection(ExtensibilityGlobals) = postSolution
		SolutionGuid = {E1073703-ECB1-449E-9B9B-3738672773F8}
	EndGlobalSection
EndGlobal
